// !$*UTF8*$!
{
	archiveVersion = 1;
	classes = {
	};
	objectVersion = 55;
	objects = {

/* Begin PBXBuildFile section */
		065EE807286A2AD900D1C648 /* AppDelegate.m in Sources */ = {isa = PBXBuildFile; fileRef = 065EE806286A2AD900D1C648 /* AppDelegate.m */; };
		065EE80A286A2AD900D1C648 /* SceneDelegate.m in Sources */ = {isa = PBXBuildFile; fileRef = 065EE809286A2AD900D1C648 /* SceneDelegate.m */; };
		065EE80D286A2AD900D1C648 /* ViewController.m in Sources */ = {isa = PBXBuildFile; fileRef = 065EE80C286A2AD900D1C648 /* ViewController.m */; };
		065EE810286A2AD900D1C648 /* Main.storyboard in Resources */ = {isa = PBXBuildFile; fileRef = 065EE80E286A2AD900D1C648 /* Main.storyboard */; };
		065EE812286A2ADA00D1C648 /* Assets.xcassets in Resources */ = {isa = PBXBuildFile; fileRef = 065EE811286A2ADA00D1C648 /* Assets.xcassets */; };
		065EE815286A2ADA00D1C648 /* LaunchScreen.storyboard in Resources */ = {isa = PBXBuildFile; fileRef = 065EE813286A2ADA00D1C648 /* LaunchScreen.storyboard */; };
		065EE818286A2ADA00D1C648 /* main.m in Sources */ = {isa = PBXBuildFile; fileRef = 065EE817286A2ADA00D1C648 /* main.m */; };
		065EE822286A2ADA00D1C648 /* InstagramTests.m in Sources */ = {isa = PBXBuildFile; fileRef = 065EE821286A2ADA00D1C648 /* InstagramTests.m */; };
		065EE82C286A2ADA00D1C648 /* InstagramUITests.m in Sources */ = {isa = PBXBuildFile; fileRef = 065EE82B286A2ADA00D1C648 /* InstagramUITests.m */; };
		065EE82E286A2ADA00D1C648 /* InstagramUITestsLaunchTests.m in Sources */ = {isa = PBXBuildFile; fileRef = 065EE82D286A2ADA00D1C648 /* InstagramUITestsLaunchTests.m */; };
		06EAC879286A47E600469FFA /* LoginViewController.m in Sources */ = {isa = PBXBuildFile; fileRef = 06EAC878286A47E600469FFA /* LoginViewController.m */; };
		06EAC87C286A491E00469FFA /* HomeFeedViewController.m in Sources */ = {isa = PBXBuildFile; fileRef = 06EAC87B286A491E00469FFA /* HomeFeedViewController.m */; };
		06EAC87F286A58E600469FFA /* ComposeViewController.m in Sources */ = {isa = PBXBuildFile; fileRef = 06EAC87E286A58E600469FFA /* ComposeViewController.m */; };
		3DE4A3EF8D1A6D9194A396A0 /* Pods_InstagramTests.framework in Frameworks */ = {isa = PBXBuildFile; fileRef = 3ECCBD81FFE7C9857E6310AA /* Pods_InstagramTests.framework */; };
		43B2C1DDCBDFF4B23AD885AD /* Pods_Instagram.framework in Frameworks */ = {isa = PBXBuildFile; fileRef = A77D33808CF75081E005DC4D /* Pods_Instagram.framework */; };
		918E2AFE61D37F1FCC6A6D62 /* Pods_Instagram_InstagramUITests.framework in Frameworks */ = {isa = PBXBuildFile; fileRef = 469AC8D92BF9D7CF0710F1E8 /* Pods_Instagram_InstagramUITests.framework */; };
/* End PBXBuildFile section */

/* Begin PBXContainerItemProxy section */
		065EE81E286A2ADA00D1C648 /* PBXContainerItemProxy */ = {
			isa = PBXContainerItemProxy;
			containerPortal = 065EE7FA286A2AD900D1C648 /* Project object */;
			proxyType = 1;
			remoteGlobalIDString = 065EE801286A2AD900D1C648;
			remoteInfo = Instagram;
		};
		065EE828286A2ADA00D1C648 /* PBXContainerItemProxy */ = {
			isa = PBXContainerItemProxy;
			containerPortal = 065EE7FA286A2AD900D1C648 /* Project object */;
			proxyType = 1;
			remoteGlobalIDString = 065EE801286A2AD900D1C648;
			remoteInfo = Instagram;
		};
/* End PBXContainerItemProxy section */

/* Begin PBXFileReference section */
		065EE802286A2AD900D1C648 /* Instagram.app */ = {isa = PBXFileReference; explicitFileType = wrapper.application; includeInIndex = 0; path = Instagram.app; sourceTree = BUILT_PRODUCTS_DIR; };
		065EE805286A2AD900D1C648 /* AppDelegate.h */ = {isa = PBXFileReference; lastKnownFileType = sourcecode.c.h; path = AppDelegate.h; sourceTree = "<group>"; };
		065EE806286A2AD900D1C648 /* AppDelegate.m */ = {isa = PBXFileReference; lastKnownFileType = sourcecode.c.objc; path = AppDelegate.m; sourceTree = "<group>"; };
		065EE808286A2AD900D1C648 /* SceneDelegate.h */ = {isa = PBXFileReference; lastKnownFileType = sourcecode.c.h; path = SceneDelegate.h; sourceTree = "<group>"; };
		065EE809286A2AD900D1C648 /* SceneDelegate.m */ = {isa = PBXFileReference; lastKnownFileType = sourcecode.c.objc; path = SceneDelegate.m; sourceTree = "<group>"; };
		065EE80B286A2AD900D1C648 /* ViewController.h */ = {isa = PBXFileReference; lastKnownFileType = sourcecode.c.h; path = ViewController.h; sourceTree = "<group>"; };
		065EE80C286A2AD900D1C648 /* ViewController.m */ = {isa = PBXFileReference; lastKnownFileType = sourcecode.c.objc; path = ViewController.m; sourceTree = "<group>"; };
		065EE80F286A2AD900D1C648 /* Base */ = {isa = PBXFileReference; lastKnownFileType = file.storyboard; name = Base; path = Base.lproj/Main.storyboard; sourceTree = "<group>"; };
		065EE811286A2ADA00D1C648 /* Assets.xcassets */ = {isa = PBXFileReference; lastKnownFileType = folder.assetcatalog; path = Assets.xcassets; sourceTree = "<group>"; };
		065EE814286A2ADA00D1C648 /* Base */ = {isa = PBXFileReference; lastKnownFileType = file.storyboard; name = Base; path = Base.lproj/LaunchScreen.storyboard; sourceTree = "<group>"; };
		065EE816286A2ADA00D1C648 /* Info.plist */ = {isa = PBXFileReference; lastKnownFileType = text.plist.xml; path = Info.plist; sourceTree = "<group>"; };
		065EE817286A2ADA00D1C648 /* main.m */ = {isa = PBXFileReference; lastKnownFileType = sourcecode.c.objc; path = main.m; sourceTree = "<group>"; };
		065EE81D286A2ADA00D1C648 /* InstagramTests.xctest */ = {isa = PBXFileReference; explicitFileType = wrapper.cfbundle; includeInIndex = 0; path = InstagramTests.xctest; sourceTree = BUILT_PRODUCTS_DIR; };
		065EE821286A2ADA00D1C648 /* InstagramTests.m */ = {isa = PBXFileReference; lastKnownFileType = sourcecode.c.objc; path = InstagramTests.m; sourceTree = "<group>"; };
		065EE827286A2ADA00D1C648 /* InstagramUITests.xctest */ = {isa = PBXFileReference; explicitFileType = wrapper.cfbundle; includeInIndex = 0; path = InstagramUITests.xctest; sourceTree = BUILT_PRODUCTS_DIR; };
		065EE82B286A2ADA00D1C648 /* InstagramUITests.m */ = {isa = PBXFileReference; lastKnownFileType = sourcecode.c.objc; path = InstagramUITests.m; sourceTree = "<group>"; };
		065EE82D286A2ADA00D1C648 /* InstagramUITestsLaunchTests.m */ = {isa = PBXFileReference; lastKnownFileType = sourcecode.c.objc; path = InstagramUITestsLaunchTests.m; sourceTree = "<group>"; };
		06EAC877286A47E600469FFA /* LoginViewController.h */ = {isa = PBXFileReference; lastKnownFileType = sourcecode.c.h; path = LoginViewController.h; sourceTree = "<group>"; };
		06EAC878286A47E600469FFA /* LoginViewController.m */ = {isa = PBXFileReference; lastKnownFileType = sourcecode.c.objc; path = LoginViewController.m; sourceTree = "<group>"; };
		06EAC87A286A491E00469FFA /* HomeFeedViewController.h */ = {isa = PBXFileReference; lastKnownFileType = sourcecode.c.h; path = HomeFeedViewController.h; sourceTree = "<group>"; };
		06EAC87B286A491E00469FFA /* HomeFeedViewController.m */ = {isa = PBXFileReference; lastKnownFileType = sourcecode.c.objc; path = HomeFeedViewController.m; sourceTree = "<group>"; };
		06EAC87D286A58E600469FFA /* ComposeViewController.h */ = {isa = PBXFileReference; lastKnownFileType = sourcecode.c.h; path = ComposeViewController.h; sourceTree = "<group>"; };
		06EAC87E286A58E600469FFA /* ComposeViewController.m */ = {isa = PBXFileReference; lastKnownFileType = sourcecode.c.objc; path = ComposeViewController.m; sourceTree = "<group>"; };
		3ECCBD81FFE7C9857E6310AA /* Pods_InstagramTests.framework */ = {isa = PBXFileReference; explicitFileType = wrapper.framework; includeInIndex = 0; path = Pods_InstagramTests.framework; sourceTree = BUILT_PRODUCTS_DIR; };
		469AC8D92BF9D7CF0710F1E8 /* Pods_Instagram_InstagramUITests.framework */ = {isa = PBXFileReference; explicitFileType = wrapper.framework; includeInIndex = 0; path = Pods_Instagram_InstagramUITests.framework; sourceTree = BUILT_PRODUCTS_DIR; };
		4DD897B1DEA01177A07D1E45 /* Pods-Instagram-InstagramUITests.debug.xcconfig */ = {isa = PBXFileReference; includeInIndex = 1; lastKnownFileType = text.xcconfig; name = "Pods-Instagram-InstagramUITests.debug.xcconfig"; path = "Target Support Files/Pods-Instagram-InstagramUITests/Pods-Instagram-InstagramUITests.debug.xcconfig"; sourceTree = "<group>"; };
		6FA9036FD41FC6F6C1D1BBDC /* Pods-Instagram.debug.xcconfig */ = {isa = PBXFileReference; includeInIndex = 1; lastKnownFileType = text.xcconfig; name = "Pods-Instagram.debug.xcconfig"; path = "Target Support Files/Pods-Instagram/Pods-Instagram.debug.xcconfig"; sourceTree = "<group>"; };
		7DE96FC247A56BCDAF5BA887 /* Pods-InstagramTests.debug.xcconfig */ = {isa = PBXFileReference; includeInIndex = 1; lastKnownFileType = text.xcconfig; name = "Pods-InstagramTests.debug.xcconfig"; path = "Target Support Files/Pods-InstagramTests/Pods-InstagramTests.debug.xcconfig"; sourceTree = "<group>"; };
		94375BBEA87F787331E88EF1 /* Pods-Instagram-InstagramUITests.release.xcconfig */ = {isa = PBXFileReference; includeInIndex = 1; lastKnownFileType = text.xcconfig; name = "Pods-Instagram-InstagramUITests.release.xcconfig"; path = "Target Support Files/Pods-Instagram-InstagramUITests/Pods-Instagram-InstagramUITests.release.xcconfig"; sourceTree = "<group>"; };
		A77D33808CF75081E005DC4D /* Pods_Instagram.framework */ = {isa = PBXFileReference; explicitFileType = wrapper.framework; includeInIndex = 0; path = Pods_Instagram.framework; sourceTree = BUILT_PRODUCTS_DIR; };
		DB0E8596FB0AC194B923997E /* Pods-InstagramTests.release.xcconfig */ = {isa = PBXFileReference; includeInIndex = 1; lastKnownFileType = text.xcconfig; name = "Pods-InstagramTests.release.xcconfig"; path = "Target Support Files/Pods-InstagramTests/Pods-InstagramTests.release.xcconfig"; sourceTree = "<group>"; };
		F016FB596EC11C8893D894A6 /* Pods-Instagram.release.xcconfig */ = {isa = PBXFileReference; includeInIndex = 1; lastKnownFileType = text.xcconfig; name = "Pods-Instagram.release.xcconfig"; path = "Target Support Files/Pods-Instagram/Pods-Instagram.release.xcconfig"; sourceTree = "<group>"; };
/* End PBXFileReference section */

/* Begin PBXFrameworksBuildPhase section */
		065EE7FF286A2AD900D1C648 /* Frameworks */ = {
			isa = PBXFrameworksBuildPhase;
			buildActionMask = 2147483647;
			files = (
				43B2C1DDCBDFF4B23AD885AD /* Pods_Instagram.framework in Frameworks */,
			);
			runOnlyForDeploymentPostprocessing = 0;
		};
		065EE81A286A2ADA00D1C648 /* Frameworks */ = {
			isa = PBXFrameworksBuildPhase;
			buildActionMask = 2147483647;
			files = (
				3DE4A3EF8D1A6D9194A396A0 /* Pods_InstagramTests.framework in Frameworks */,
			);
			runOnlyForDeploymentPostprocessing = 0;
		};
		065EE824286A2ADA00D1C648 /* Frameworks */ = {
			isa = PBXFrameworksBuildPhase;
			buildActionMask = 2147483647;
			files = (
				918E2AFE61D37F1FCC6A6D62 /* Pods_Instagram_InstagramUITests.framework in Frameworks */,
			);
			runOnlyForDeploymentPostprocessing = 0;
		};
/* End PBXFrameworksBuildPhase section */

/* Begin PBXGroup section */
		065EE7F9286A2AD900D1C648 = {
			isa = PBXGroup;
			children = (
				06EAC876286A45E300469FFA /* View Controllers */,
				065EE804286A2AD900D1C648 /* Instagram */,
				065EE820286A2ADA00D1C648 /* InstagramTests */,
				065EE82A286A2ADA00D1C648 /* InstagramUITests */,
				065EE803286A2AD900D1C648 /* Products */,
				12C112E1F5036E43759D1A13 /* Pods */,
				28129165D07F5DA9AE232EC0 /* Frameworks */,
			);
			sourceTree = "<group>";
		};
		065EE803286A2AD900D1C648 /* Products */ = {
			isa = PBXGroup;
			children = (
				065EE802286A2AD900D1C648 /* Instagram.app */,
				065EE81D286A2ADA00D1C648 /* InstagramTests.xctest */,
				065EE827286A2ADA00D1C648 /* InstagramUITests.xctest */,
			);
			name = Products;
			sourceTree = "<group>";
		};
		065EE804286A2AD900D1C648 /* Instagram */ = {
			isa = PBXGroup;
			children = (
				065EE805286A2AD900D1C648 /* AppDelegate.h */,
				065EE806286A2AD900D1C648 /* AppDelegate.m */,
				065EE808286A2AD900D1C648 /* SceneDelegate.h */,
				065EE809286A2AD900D1C648 /* SceneDelegate.m */,
				065EE80B286A2AD900D1C648 /* ViewController.h */,
				065EE80C286A2AD900D1C648 /* ViewController.m */,
				065EE80E286A2AD900D1C648 /* Main.storyboard */,
				06EAC87D286A58E600469FFA /* ComposeViewController.h */,
				06EAC87E286A58E600469FFA /* ComposeViewController.m */,
				06EAC87A286A491E00469FFA /* HomeFeedViewController.h */,
				06EAC87B286A491E00469FFA /* HomeFeedViewController.m */,
				06EAC877286A47E600469FFA /* LoginViewController.h */,
				06EAC878286A47E600469FFA /* LoginViewController.m */,
				065EE811286A2ADA00D1C648 /* Assets.xcassets */,
				065EE813286A2ADA00D1C648 /* LaunchScreen.storyboard */,
				065EE816286A2ADA00D1C648 /* Info.plist */,
				065EE817286A2ADA00D1C648 /* main.m */,
			);
			path = Instagram;
			sourceTree = "<group>";
		};
		065EE820286A2ADA00D1C648 /* InstagramTests */ = {
			isa = PBXGroup;
			children = (
				065EE821286A2ADA00D1C648 /* InstagramTests.m */,
			);
			path = InstagramTests;
			sourceTree = "<group>";
		};
		065EE82A286A2ADA00D1C648 /* InstagramUITests */ = {
			isa = PBXGroup;
			children = (
				065EE82B286A2ADA00D1C648 /* InstagramUITests.m */,
				065EE82D286A2ADA00D1C648 /* InstagramUITestsLaunchTests.m */,
			);
			path = InstagramUITests;
			sourceTree = "<group>";
		};
		06EAC876286A45E300469FFA /* View Controllers */ = {
			isa = PBXGroup;
			children = (
			);
			path = "View Controllers";
			sourceTree = "<group>";
		};
		12C112E1F5036E43759D1A13 /* Pods */ = {
			isa = PBXGroup;
			children = (
				6FA9036FD41FC6F6C1D1BBDC /* Pods-Instagram.debug.xcconfig */,
				F016FB596EC11C8893D894A6 /* Pods-Instagram.release.xcconfig */,
				4DD897B1DEA01177A07D1E45 /* Pods-Instagram-InstagramUITests.debug.xcconfig */,
				94375BBEA87F787331E88EF1 /* Pods-Instagram-InstagramUITests.release.xcconfig */,
				7DE96FC247A56BCDAF5BA887 /* Pods-InstagramTests.debug.xcconfig */,
				DB0E8596FB0AC194B923997E /* Pods-InstagramTests.release.xcconfig */,
			);
			path = Pods;
			sourceTree = "<group>";
		};
		28129165D07F5DA9AE232EC0 /* Frameworks */ = {
			isa = PBXGroup;
			children = (
				A77D33808CF75081E005DC4D /* Pods_Instagram.framework */,
				469AC8D92BF9D7CF0710F1E8 /* Pods_Instagram_InstagramUITests.framework */,
				3ECCBD81FFE7C9857E6310AA /* Pods_InstagramTests.framework */,
			);
			name = Frameworks;
			sourceTree = "<group>";
		};
/* End PBXGroup section */

/* Begin PBXNativeTarget section */
		065EE801286A2AD900D1C648 /* Instagram */ = {
			isa = PBXNativeTarget;
			buildConfigurationList = 065EE831286A2ADA00D1C648 /* Build configuration list for PBXNativeTarget "Instagram" */;
			buildPhases = (
				DE0CBAC703AE664E092751BD /* [CP] Check Pods Manifest.lock */,
				065EE7FE286A2AD900D1C648 /* Sources */,
				065EE7FF286A2AD900D1C648 /* Frameworks */,
				065EE800286A2AD900D1C648 /* Resources */,
				151FD265DF6913EED18949EB /* [CP] Embed Pods Frameworks */,
			);
			buildRules = (
			);
			dependencies = (
			);
			name = Instagram;
			productName = Instagram;
			productReference = 065EE802286A2AD900D1C648 /* Instagram.app */;
			productType = "com.apple.product-type.application";
		};
		065EE81C286A2ADA00D1C648 /* InstagramTests */ = {
			isa = PBXNativeTarget;
			buildConfigurationList = 065EE834286A2ADA00D1C648 /* Build configuration list for PBXNativeTarget "InstagramTests" */;
			buildPhases = (
				ACEBBAD07FCCD99FEC2AD433 /* [CP] Check Pods Manifest.lock */,
				065EE819286A2ADA00D1C648 /* Sources */,
				065EE81A286A2ADA00D1C648 /* Frameworks */,
				065EE81B286A2ADA00D1C648 /* Resources */,
			);
			buildRules = (
			);
			dependencies = (
				065EE81F286A2ADA00D1C648 /* PBXTargetDependency */,
			);
			name = InstagramTests;
			productName = InstagramTests;
			productReference = 065EE81D286A2ADA00D1C648 /* InstagramTests.xctest */;
			productType = "com.apple.product-type.bundle.unit-test";
		};
		065EE826286A2ADA00D1C648 /* InstagramUITests */ = {
			isa = PBXNativeTarget;
			buildConfigurationList = 065EE837286A2ADA00D1C648 /* Build configuration list for PBXNativeTarget "InstagramUITests" */;
			buildPhases = (
				650EBD433271A16C3E515673 /* [CP] Check Pods Manifest.lock */,
				065EE823286A2ADA00D1C648 /* Sources */,
				065EE824286A2ADA00D1C648 /* Frameworks */,
				065EE825286A2ADA00D1C648 /* Resources */,
				95B295D5BB62F34F05CA3B83 /* [CP] Embed Pods Frameworks */,
			);
			buildRules = (
			);
			dependencies = (
				065EE829286A2ADA00D1C648 /* PBXTargetDependency */,
			);
			name = InstagramUITests;
			productName = InstagramUITests;
			productReference = 065EE827286A2ADA00D1C648 /* InstagramUITests.xctest */;
			productType = "com.apple.product-type.bundle.ui-testing";
		};
/* End PBXNativeTarget section */

/* Begin PBXProject section */
		065EE7FA286A2AD900D1C648 /* Project object */ = {
			isa = PBXProject;
			attributes = {
				BuildIndependentTargetsInParallel = 1;
				LastUpgradeCheck = 1340;
				TargetAttributes = {
					065EE801286A2AD900D1C648 = {
						CreatedOnToolsVersion = 13.4.1;
					};
					065EE81C286A2ADA00D1C648 = {
						CreatedOnToolsVersion = 13.4.1;
						TestTargetID = 065EE801286A2AD900D1C648;
					};
					065EE826286A2ADA00D1C648 = {
						CreatedOnToolsVersion = 13.4.1;
						TestTargetID = 065EE801286A2AD900D1C648;
					};
				};
			};
			buildConfigurationList = 065EE7FD286A2AD900D1C648 /* Build configuration list for PBXProject "Instagram" */;
			compatibilityVersion = "Xcode 13.0";
			developmentRegion = en;
			hasScannedForEncodings = 0;
			knownRegions = (
				en,
				Base,
			);
			mainGroup = 065EE7F9286A2AD900D1C648;
			productRefGroup = 065EE803286A2AD900D1C648 /* Products */;
			projectDirPath = "";
			projectRoot = "";
			targets = (
				065EE801286A2AD900D1C648 /* Instagram */,
				065EE81C286A2ADA00D1C648 /* InstagramTests */,
				065EE826286A2ADA00D1C648 /* InstagramUITests */,
			);
		};
/* End PBXProject section */

/* Begin PBXResourcesBuildPhase section */
		065EE800286A2AD900D1C648 /* Resources */ = {
			isa = PBXResourcesBuildPhase;
			buildActionMask = 2147483647;
			files = (
				065EE815286A2ADA00D1C648 /* LaunchScreen.storyboard in Resources */,
				065EE812286A2ADA00D1C648 /* Assets.xcassets in Resources */,
				065EE810286A2AD900D1C648 /* Main.storyboard in Resources */,
			);
			runOnlyForDeploymentPostprocessing = 0;
		};
		065EE81B286A2ADA00D1C648 /* Resources */ = {
			isa = PBXResourcesBuildPhase;
			buildActionMask = 2147483647;
			files = (
			);
			runOnlyForDeploymentPostprocessing = 0;
		};
		065EE825286A2ADA00D1C648 /* Resources */ = {
			isa = PBXResourcesBuildPhase;
			buildActionMask = 2147483647;
			files = (
			);
			runOnlyForDeploymentPostprocessing = 0;
		};
/* End PBXResourcesBuildPhase section */

/* Begin PBXShellScriptBuildPhase section */
		151FD265DF6913EED18949EB /* [CP] Embed Pods Frameworks */ = {
			isa = PBXShellScriptBuildPhase;
			buildActionMask = 2147483647;
			files = (
			);
			inputFileListPaths = (
				"${PODS_ROOT}/Target Support Files/Pods-Instagram/Pods-Instagram-frameworks-${CONFIGURATION}-input-files.xcfilelist",
			);
			name = "[CP] Embed Pods Frameworks";
			outputFileListPaths = (
				"${PODS_ROOT}/Target Support Files/Pods-Instagram/Pods-Instagram-frameworks-${CONFIGURATION}-output-files.xcfilelist",
			);
			runOnlyForDeploymentPostprocessing = 0;
			shellPath = /bin/sh;
			shellScript = "\"${PODS_ROOT}/Target Support Files/Pods-Instagram/Pods-Instagram-frameworks.sh\"\n";
			showEnvVarsInLog = 0;
		};
		650EBD433271A16C3E515673 /* [CP] Check Pods Manifest.lock */ = {
			isa = PBXShellScriptBuildPhase;
			buildActionMask = 2147483647;
			files = (
			);
			inputFileListPaths = (
			);
			inputPaths = (
				"${PODS_PODFILE_DIR_PATH}/Podfile.lock",
				"${PODS_ROOT}/Manifest.lock",
			);
			name = "[CP] Check Pods Manifest.lock";
			outputFileListPaths = (
			);
			outputPaths = (
				"$(DERIVED_FILE_DIR)/Pods-Instagram-InstagramUITests-checkManifestLockResult.txt",
			);
			runOnlyForDeploymentPostprocessing = 0;
			shellPath = /bin/sh;
			shellScript = "diff \"${PODS_PODFILE_DIR_PATH}/Podfile.lock\" \"${PODS_ROOT}/Manifest.lock\" > /dev/null\nif [ $? != 0 ] ; then\n    # print error to STDERR\n    echo \"error: The sandbox is not in sync with the Podfile.lock. Run 'pod install' or update your CocoaPods installation.\" >&2\n    exit 1\nfi\n# This output is used by Xcode 'outputs' to avoid re-running this script phase.\necho \"SUCCESS\" > \"${SCRIPT_OUTPUT_FILE_0}\"\n";
			showEnvVarsInLog = 0;
		};
		95B295D5BB62F34F05CA3B83 /* [CP] Embed Pods Frameworks */ = {
			isa = PBXShellScriptBuildPhase;
			buildActionMask = 2147483647;
			files = (
			);
			inputFileListPaths = (
				"${PODS_ROOT}/Target Support Files/Pods-Instagram-InstagramUITests/Pods-Instagram-InstagramUITests-frameworks-${CONFIGURATION}-input-files.xcfilelist",
			);
			name = "[CP] Embed Pods Frameworks";
			outputFileListPaths = (
				"${PODS_ROOT}/Target Support Files/Pods-Instagram-InstagramUITests/Pods-Instagram-InstagramUITests-frameworks-${CONFIGURATION}-output-files.xcfilelist",
			);
			runOnlyForDeploymentPostprocessing = 0;
			shellPath = /bin/sh;
			shellScript = "\"${PODS_ROOT}/Target Support Files/Pods-Instagram-InstagramUITests/Pods-Instagram-InstagramUITests-frameworks.sh\"\n";
			showEnvVarsInLog = 0;
		};
		ACEBBAD07FCCD99FEC2AD433 /* [CP] Check Pods Manifest.lock */ = {
			isa = PBXShellScriptBuildPhase;
			buildActionMask = 2147483647;
			files = (
			);
			inputFileListPaths = (
			);
			inputPaths = (
				"${PODS_PODFILE_DIR_PATH}/Podfile.lock",
				"${PODS_ROOT}/Manifest.lock",
			);
			name = "[CP] Check Pods Manifest.lock";
			outputFileListPaths = (
			);
			outputPaths = (
				"$(DERIVED_FILE_DIR)/Pods-InstagramTests-checkManifestLockResult.txt",
			);
			runOnlyForDeploymentPostprocessing = 0;
			shellPath = /bin/sh;
			shellScript = "diff \"${PODS_PODFILE_DIR_PATH}/Podfile.lock\" \"${PODS_ROOT}/Manifest.lock\" > /dev/null\nif [ $? != 0 ] ; then\n    # print error to STDERR\n    echo \"error: The sandbox is not in sync with the Podfile.lock. Run 'pod install' or update your CocoaPods installation.\" >&2\n    exit 1\nfi\n# This output is used by Xcode 'outputs' to avoid re-running this script phase.\necho \"SUCCESS\" > \"${SCRIPT_OUTPUT_FILE_0}\"\n";
			showEnvVarsInLog = 0;
		};
		DE0CBAC703AE664E092751BD /* [CP] Check Pods Manifest.lock */ = {
			isa = PBXShellScriptBuildPhase;
			buildActionMask = 2147483647;
			files = (
			);
			inputFileListPaths = (
			);
			inputPaths = (
				"${PODS_PODFILE_DIR_PATH}/Podfile.lock",
				"${PODS_ROOT}/Manifest.lock",
			);
			name = "[CP] Check Pods Manifest.lock";
			outputFileListPaths = (
			);
			outputPaths = (
				"$(DERIVED_FILE_DIR)/Pods-Instagram-checkManifestLockResult.txt",
			);
			runOnlyForDeploymentPostprocessing = 0;
			shellPath = /bin/sh;
			shellScript = "diff \"${PODS_PODFILE_DIR_PATH}/Podfile.lock\" \"${PODS_ROOT}/Manifest.lock\" > /dev/null\nif [ $? != 0 ] ; then\n    # print error to STDERR\n    echo \"error: The sandbox is not in sync with the Podfile.lock. Run 'pod install' or update your CocoaPods installation.\" >&2\n    exit 1\nfi\n# This output is used by Xcode 'outputs' to avoid re-running this script phase.\necho \"SUCCESS\" > \"${SCRIPT_OUTPUT_FILE_0}\"\n";
			showEnvVarsInLog = 0;
		};
/* End PBXShellScriptBuildPhase section */

/* Begin PBXSourcesBuildPhase section */
		065EE7FE286A2AD900D1C648 /* Sources */ = {
			isa = PBXSourcesBuildPhase;
			buildActionMask = 2147483647;
			files = (
				065EE80D286A2AD900D1C648 /* ViewController.m in Sources */,
				06EAC87C286A491E00469FFA /* HomeFeedViewController.m in Sources */,
				065EE807286A2AD900D1C648 /* AppDelegate.m in Sources */,
				065EE818286A2ADA00D1C648 /* main.m in Sources */,
				06EAC87F286A58E600469FFA /* ComposeViewController.m in Sources */,
				065EE80A286A2AD900D1C648 /* SceneDelegate.m in Sources */,
				06EAC879286A47E600469FFA /* LoginViewController.m in Sources */,
			);
			runOnlyForDeploymentPostprocessing = 0;
		};
		065EE819286A2ADA00D1C648 /* Sources */ = {
			isa = PBXSourcesBuildPhase;
			buildActionMask = 2147483647;
			files = (
				065EE822286A2ADA00D1C648 /* InstagramTests.m in Sources */,
			);
			runOnlyForDeploymentPostprocessing = 0;
		};
		065EE823286A2ADA00D1C648 /* Sources */ = {
			isa = PBXSourcesBuildPhase;
			buildActionMask = 2147483647;
			files = (
				065EE82C286A2ADA00D1C648 /* InstagramUITests.m in Sources */,
				065EE82E286A2ADA00D1C648 /* InstagramUITestsLaunchTests.m in Sources */,
			);
			runOnlyForDeploymentPostprocessing = 0;
		};
/* End PBXSourcesBuildPhase section */

/* Begin PBXTargetDependency section */
		065EE81F286A2ADA00D1C648 /* PBXTargetDependency */ = {
			isa = PBXTargetDependency;
			target = 065EE801286A2AD900D1C648 /* Instagram */;
			targetProxy = 065EE81E286A2ADA00D1C648 /* PBXContainerItemProxy */;
		};
		065EE829286A2ADA00D1C648 /* PBXTargetDependency */ = {
			isa = PBXTargetDependency;
			target = 065EE801286A2AD900D1C648 /* Instagram */;
			targetProxy = 065EE828286A2ADA00D1C648 /* PBXContainerItemProxy */;
		};
/* End PBXTargetDependency section */

/* Begin PBXVariantGroup section */
		065EE80E286A2AD900D1C648 /* Main.storyboard */ = {
			isa = PBXVariantGroup;
			children = (
				065EE80F286A2AD900D1C648 /* Base */,
			);
			name = Main.storyboard;
			sourceTree = "<group>";
		};
		065EE813286A2ADA00D1C648 /* LaunchScreen.storyboard */ = {
			isa = PBXVariantGroup;
			children = (
				065EE814286A2ADA00D1C648 /* Base */,
			);
			name = LaunchScreen.storyboard;
			sourceTree = "<group>";
		};
/* End PBXVariantGroup section */

/* Begin XCBuildConfiguration section */
		065EE82F286A2ADA00D1C648 /* Debug */ = {
			isa = XCBuildConfiguration;
			buildSettings = {
				ALWAYS_SEARCH_USER_PATHS = NO;
				CLANG_ANALYZER_NONNULL = YES;
				CLANG_ANALYZER_NUMBER_OBJECT_CONVERSION = YES_AGGRESSIVE;
				CLANG_CXX_LANGUAGE_STANDARD = "gnu++17";
				CLANG_ENABLE_MODULES = YES;
				CLANG_ENABLE_OBJC_ARC = YES;
				CLANG_ENABLE_OBJC_WEAK = YES;
				CLANG_WARN_BLOCK_CAPTURE_AUTORELEASING = YES;
				CLANG_WARN_BOOL_CONVERSION = YES;
				CLANG_WARN_COMMA = YES;
				CLANG_WARN_CONSTANT_CONVERSION = YES;
				CLANG_WARN_DEPRECATED_OBJC_IMPLEMENTATIONS = YES;
				CLANG_WARN_DIRECT_OBJC_ISA_USAGE = YES_ERROR;
				CLANG_WARN_DOCUMENTATION_COMMENTS = YES;
				CLANG_WARN_EMPTY_BODY = YES;
				CLANG_WARN_ENUM_CONVERSION = YES;
				CLANG_WARN_INFINITE_RECURSION = YES;
				CLANG_WARN_INT_CONVERSION = YES;
				CLANG_WARN_NON_LITERAL_NULL_CONVERSION = YES;
				CLANG_WARN_OBJC_IMPLICIT_RETAIN_SELF = YES;
				CLANG_WARN_OBJC_LITERAL_CONVERSION = YES;
				CLANG_WARN_OBJC_ROOT_CLASS = YES_ERROR;
				CLANG_WARN_QUOTED_INCLUDE_IN_FRAMEWORK_HEADER = YES;
				CLANG_WARN_RANGE_LOOP_ANALYSIS = YES;
				CLANG_WARN_STRICT_PROTOTYPES = YES;
				CLANG_WARN_SUSPICIOUS_MOVE = YES;
				CLANG_WARN_UNGUARDED_AVAILABILITY = YES_AGGRESSIVE;
				CLANG_WARN_UNREACHABLE_CODE = YES;
				CLANG_WARN__DUPLICATE_METHOD_MATCH = YES;
				COPY_PHASE_STRIP = NO;
				DEBUG_INFORMATION_FORMAT = dwarf;
				ENABLE_STRICT_OBJC_MSGSEND = YES;
				ENABLE_TESTABILITY = YES;
				GCC_C_LANGUAGE_STANDARD = gnu11;
				GCC_DYNAMIC_NO_PIC = NO;
				GCC_NO_COMMON_BLOCKS = YES;
				GCC_OPTIMIZATION_LEVEL = 0;
				GCC_PREPROCESSOR_DEFINITIONS = (
					"DEBUG=1",
					"$(inherited)",
				);
				GCC_WARN_64_TO_32_BIT_CONVERSION = YES;
				GCC_WARN_ABOUT_RETURN_TYPE = YES_ERROR;
				GCC_WARN_UNDECLARED_SELECTOR = YES;
				GCC_WARN_UNINITIALIZED_AUTOS = YES_AGGRESSIVE;
				GCC_WARN_UNUSED_FUNCTION = YES;
				GCC_WARN_UNUSED_VARIABLE = YES;
				IPHONEOS_DEPLOYMENT_TARGET = 15.5;
				MTL_ENABLE_DEBUG_INFO = INCLUDE_SOURCE;
				MTL_FAST_MATH = YES;
				ONLY_ACTIVE_ARCH = YES;
				SDKROOT = iphoneos;
			};
			name = Debug;
		};
		065EE830286A2ADA00D1C648 /* Release */ = {
			isa = XCBuildConfiguration;
			buildSettings = {
				ALWAYS_SEARCH_USER_PATHS = NO;
				CLANG_ANALYZER_NONNULL = YES;
				CLANG_ANALYZER_NUMBER_OBJECT_CONVERSION = YES_AGGRESSIVE;
				CLANG_CXX_LANGUAGE_STANDARD = "gnu++17";
				CLANG_ENABLE_MODULES = YES;
				CLANG_ENABLE_OBJC_ARC = YES;
				CLANG_ENABLE_OBJC_WEAK = YES;
				CLANG_WARN_BLOCK_CAPTURE_AUTORELEASING = YES;
				CLANG_WARN_BOOL_CONVERSION = YES;
				CLANG_WARN_COMMA = YES;
				CLANG_WARN_CONSTANT_CONVERSION = YES;
				CLANG_WARN_DEPRECATED_OBJC_IMPLEMENTATIONS = YES;
				CLANG_WARN_DIRECT_OBJC_ISA_USAGE = YES_ERROR;
				CLANG_WARN_DOCUMENTATION_COMMENTS = YES;
				CLANG_WARN_EMPTY_BODY = YES;
				CLANG_WARN_ENUM_CONVERSION = YES;
				CLANG_WARN_INFINITE_RECURSION = YES;
				CLANG_WARN_INT_CONVERSION = YES;
				CLANG_WARN_NON_LITERAL_NULL_CONVERSION = YES;
				CLANG_WARN_OBJC_IMPLICIT_RETAIN_SELF = YES;
				CLANG_WARN_OBJC_LITERAL_CONVERSION = YES;
				CLANG_WARN_OBJC_ROOT_CLASS = YES_ERROR;
				CLANG_WARN_QUOTED_INCLUDE_IN_FRAMEWORK_HEADER = YES;
				CLANG_WARN_RANGE_LOOP_ANALYSIS = YES;
				CLANG_WARN_STRICT_PROTOTYPES = YES;
				CLANG_WARN_SUSPICIOUS_MOVE = YES;
				CLANG_WARN_UNGUARDED_AVAILABILITY = YES_AGGRESSIVE;
				CLANG_WARN_UNREACHABLE_CODE = YES;
				CLANG_WARN__DUPLICATE_METHOD_MATCH = YES;
				COPY_PHASE_STRIP = NO;
				DEBUG_INFORMATION_FORMAT = "dwarf-with-dsym";
				ENABLE_NS_ASSERTIONS = NO;
				ENABLE_STRICT_OBJC_MSGSEND = YES;
				GCC_C_LANGUAGE_STANDARD = gnu11;
				GCC_NO_COMMON_BLOCKS = YES;
				GCC_WARN_64_TO_32_BIT_CONVERSION = YES;
				GCC_WARN_ABOUT_RETURN_TYPE = YES_ERROR;
				GCC_WARN_UNDECLARED_SELECTOR = YES;
				GCC_WARN_UNINITIALIZED_AUTOS = YES_AGGRESSIVE;
				GCC_WARN_UNUSED_FUNCTION = YES;
				GCC_WARN_UNUSED_VARIABLE = YES;
				IPHONEOS_DEPLOYMENT_TARGET = 15.5;
				MTL_ENABLE_DEBUG_INFO = NO;
				MTL_FAST_MATH = YES;
				SDKROOT = iphoneos;
				VALIDATE_PRODUCT = YES;
			};
			name = Release;
		};
		065EE832286A2ADA00D1C648 /* Debug */ = {
			isa = XCBuildConfiguration;
			baseConfigurationReference = 6FA9036FD41FC6F6C1D1BBDC /* Pods-Instagram.debug.xcconfig */;
			buildSettings = {
				ASSETCATALOG_COMPILER_APPICON_NAME = AppIcon;
				ASSETCATALOG_COMPILER_GLOBAL_ACCENT_COLOR_NAME = AccentColor;
				CODE_SIGN_STYLE = Automatic;
				CURRENT_PROJECT_VERSION = 1;
				GENERATE_INFOPLIST_FILE = YES;
				INFOPLIST_FILE = Instagram/Info.plist;
				INFOPLIST_KEY_UIApplicationSupportsIndirectInputEvents = YES;
				INFOPLIST_KEY_UILaunchStoryboardName = LaunchScreen;
				INFOPLIST_KEY_UIMainStoryboardFile = Main;
				INFOPLIST_KEY_UISupportedInterfaceOrientations_iPad = "UIInterfaceOrientationPortrait UIInterfaceOrientationPortraitUpsideDown UIInterfaceOrientationLandscapeLeft UIInterfaceOrientationLandscapeRight";
				INFOPLIST_KEY_UISupportedInterfaceOrientations_iPhone = "UIInterfaceOrientationPortrait UIInterfaceOrientationLandscapeLeft UIInterfaceOrientationLandscapeRight";
				LD_RUNPATH_SEARCH_PATHS = (
					"$(inherited)",
					"@executable_path/Frameworks",
				);
				MARKETING_VERSION = 1.0;
				PRODUCT_BUNDLE_IDENTIFIER = com.codepath.www.Instagram;
				PRODUCT_NAME = "$(TARGET_NAME)";
				SWIFT_EMIT_LOC_STRINGS = YES;
				TARGETED_DEVICE_FAMILY = "1,2";
			};
			name = Debug;
		};
		065EE833286A2ADA00D1C648 /* Release */ = {
			isa = XCBuildConfiguration;
			baseConfigurationReference = F016FB596EC11C8893D894A6 /* Pods-Instagram.release.xcconfig */;
			buildSettings = {
				ASSETCATALOG_COMPILER_APPICON_NAME = AppIcon;
				ASSETCATALOG_COMPILER_GLOBAL_ACCENT_COLOR_NAME = AccentColor;
				CODE_SIGN_STYLE = Automatic;
				CURRENT_PROJECT_VERSION = 1;
				GENERATE_INFOPLIST_FILE = YES;
				INFOPLIST_FILE = Instagram/Info.plist;
				INFOPLIST_KEY_UIApplicationSupportsIndirectInputEvents = YES;
				INFOPLIST_KEY_UILaunchStoryboardName = LaunchScreen;
				INFOPLIST_KEY_UIMainStoryboardFile = Main;
				INFOPLIST_KEY_UISupportedInterfaceOrientations_iPad = "UIInterfaceOrientationPortrait UIInterfaceOrientationPortraitUpsideDown UIInterfaceOrientationLandscapeLeft UIInterfaceOrientationLandscapeRight";
				INFOPLIST_KEY_UISupportedInterfaceOrientations_iPhone = "UIInterfaceOrientationPortrait UIInterfaceOrientationLandscapeLeft UIInterfaceOrientationLandscapeRight";
				LD_RUNPATH_SEARCH_PATHS = (
					"$(inherited)",
					"@executable_path/Frameworks",
				);
				MARKETING_VERSION = 1.0;
				PRODUCT_BUNDLE_IDENTIFIER = com.codepath.www.Instagram;
				PRODUCT_NAME = "$(TARGET_NAME)";
				SWIFT_EMIT_LOC_STRINGS = YES;
				TARGETED_DEVICE_FAMILY = "1,2";
			};
			name = Release;
		};
		065EE835286A2ADA00D1C648 /* Debug */ = {
			isa = XCBuildConfiguration;
			baseConfigurationReference = 7DE96FC247A56BCDAF5BA887 /* Pods-InstagramTests.debug.xcconfig */;
			buildSettings = {
				BUNDLE_LOADER = "$(TEST_HOST)";
				CODE_SIGN_STYLE = Automatic;
				CURRENT_PROJECT_VERSION = 1;
				GENERATE_INFOPLIST_FILE = YES;
				IPHONEOS_DEPLOYMENT_TARGET = 15.5;
				MARKETING_VERSION = 1.0;
				PRODUCT_BUNDLE_IDENTIFIER = com.codepath.www.InstagramTests;
				PRODUCT_NAME = "$(TARGET_NAME)";
				SWIFT_EMIT_LOC_STRINGS = NO;
				TARGETED_DEVICE_FAMILY = "1,2";
				TEST_HOST = "$(BUILT_PRODUCTS_DIR)/Instagram.app/Instagram";
			};
			name = Debug;
		};
		065EE836286A2ADA00D1C648 /* Release */ = {
			isa = XCBuildConfiguration;
			baseConfigurationReference = DB0E8596FB0AC194B923997E /* Pods-InstagramTests.release.xcconfig */;
			buildSettings = {
				BUNDLE_LOADER = "$(TEST_HOST)";
				CODE_SIGN_STYLE = Automatic;
				CURRENT_PROJECT_VERSION = 1;
				GENERATE_INFOPLIST_FILE = YES;
				IPHONEOS_DEPLOYMENT_TARGET = 15.5;
				MARKETING_VERSION = 1.0;
				PRODUCT_BUNDLE_IDENTIFIER = com.codepath.www.InstagramTests;
				PRODUCT_NAME = "$(TARGET_NAME)";
				SWIFT_EMIT_LOC_STRINGS = NO;
				TARGETED_DEVICE_FAMILY = "1,2";
				TEST_HOST = "$(BUILT_PRODUCTS_DIR)/Instagram.app/Instagram";
			};
			name = Release;
		};
		065EE838286A2ADA00D1C648 /* Debug */ = {
			isa = XCBuildConfiguration;
			baseConfigurationReference = 4DD897B1DEA01177A07D1E45 /* Pods-Instagram-InstagramUITests.debug.xcconfig */;
			buildSettings = {
				CODE_SIGN_STYLE = Automatic;
				CURRENT_PROJECT_VERSION = 1;
				GENERATE_INFOPLIST_FILE = YES;
				MARKETING_VERSION = 1.0;
				PRODUCT_BUNDLE_IDENTIFIER = com.codepath.www.InstagramUITests;
				PRODUCT_NAME = "$(TARGET_NAME)";
				SWIFT_EMIT_LOC_STRINGS = NO;
				TARGETED_DEVICE_FAMILY = "1,2";
				TEST_TARGET_NAME = Instagram;
			};
			name = Debug;
		};
		065EE839286A2ADA00D1C648 /* Release */ = {
			isa = XCBuildConfiguration;
			baseConfigurationReference = 94375BBEA87F787331E88EF1 /* Pods-Instagram-InstagramUITests.release.xcconfig */;
			buildSettings = {
				CODE_SIGN_STYLE = Automatic;
				CURRENT_PROJECT_VERSION = 1;
				GENERATE_INFOPLIST_FILE = YES;
				MARKETING_VERSION = 1.0;
				PRODUCT_BUNDLE_IDENTIFIER = com.codepath.www.InstagramUITests;
				PRODUCT_NAME = "$(TARGET_NAME)";
				SWIFT_EMIT_LOC_STRINGS = NO;
				TARGETED_DEVICE_FAMILY = "1,2";
				TEST_TARGET_NAME = Instagram;
			};
			name = Release;
		};
/* End XCBuildConfiguration section */

/* Begin XCConfigurationList section */
		065EE7FD286A2AD900D1C648 /* Build configuration list for PBXProject "Instagram" */ = {
			isa = XCConfigurationList;
			buildConfigurations = (
				065EE82F286A2ADA00D1C648 /* Debug */,
				065EE830286A2ADA00D1C648 /* Release */,
			);
			defaultConfigurationIsVisible = 0;
			defaultConfigurationName = Release;
		};
		065EE831286A2ADA00D1C648 /* Build configuration list for PBXNativeTarget "Instagram" */ = {
			isa = XCConfigurationList;
			buildConfigurations = (
				065EE832286A2ADA00D1C648 /* Debug */,
				065EE833286A2ADA00D1C648 /* Release */,
			);
			defaultConfigurationIsVisible = 0;
			defaultConfigurationName = Release;
		};
		065EE834286A2ADA00D1C648 /* Build configuration list for PBXNativeTarget "InstagramTests" */ = {
			isa = XCConfigurationList;
			buildConfigurations = (
				065EE835286A2ADA00D1C648 /* Debug */,
				065EE836286A2ADA00D1C648 /* Release */,
			);
			defaultConfigurationIsVisible = 0;
			defaultConfigurationName = Release;
		};
		065EE837286A2ADA00D1C648 /* Build configuration list for PBXNativeTarget "InstagramUITests" */ = {
			isa = XCConfigurationList;
			buildConfigurations = (
				065EE838286A2ADA00D1C648 /* Debug */,
				065EE839286A2ADA00D1C648 /* Release */,
			);
			defaultConfigurationIsVisible = 0;
			defaultConfigurationName = Release;
		};
/* End XCConfigurationList section */
	};
	rootObject = 065EE7FA286A2AD900D1C648 /* Project object */;
}
